
Microsoft Visual Studio Solution File, Format Version 12.00
# Visual Studio Version 16
VisualStudioVersion = 16.0.30011.22
MinimumVisualStudioVersion = 10.0.40219.1
Project("{FAE04EC0-301F-11D3-BF4B-00C04F79EFBC}") = "RegistrodeEntradas", "RegistrodeEntradas\RegistrodeEntradas.csproj", "{4DBDE3A5-8302-4FAF-8A14-DF33CD7649CB}"
EndProject
Global
	GlobalSection(SolutionConfigurationPlatforms) = preSolution
		Debug|Any CPU = Debug|Any CPU
		Release|Any CPU = Release|Any CPU
	EndGlobalSection
	GlobalSection(ProjectConfigurationPlatforms) = postSolution
		{4DBDE3A5-8302-4FAF-8A14-DF33CD7649CB}.Debug|Any CPU.ActiveCfg = Debug|Any CPU
		{4DBDE3A5-8302-4FAF-8A14-DF33CD7649CB}.Debug|Any CPU.Build.0 = Debug|Any CPU
		{4DBDE3A5-8302-4FAF-8A14-DF33CD7649CB}.Release|Any CPU.ActiveCfg = Release|Any CPU
		{4DBDE3A5-8302-4FAF-8A14-DF33CD7649CB}.Release|Any CPU.Build.0 = Release|Any CPU
	EndGlobalSection
	GlobalSection(SolutionProperties) = preSolution
		HideSolutionNode = FALSE
	EndGlobalSection
	GlobalSection(ExtensibilityGlobals) = postSolution
		SolutionGuid = {597312CF-200B-4A2B-BB3E-A9FF331611E0}
	EndGlobalSection
EndGlobal
